
Microsoft Visual Studio Solution File, Format Version 12.00
# Visual Studio 2015
Project("{FAE04EC0-301F-11D3-BF4B-00C04F79EFBC}") = "DragMovingPrototype", "DragMovingPrototype.csproj", "{9720DEBA-8EF3-81B1-58C1-FFDFEC59BC42}"
EndProject
Project("{FAE04EC0-301F-11D3-BF4B-00C04F79EFBC}") = "DragMovingPrototype.Editor", "DragMovingPrototype.Editor.csproj", "{FB9978DF-3FEE-D8C1-F524-FAE49DE6EFED}"
EndProject
Global
	GlobalSection(SolutionConfigurationPlatforms) = preSolution
		Debug|Any CPU = Debug|Any CPU
		Release|Any CPU = Release|Any CPU
	EndGlobalSection
	GlobalSection(ProjectConfigurationPlatforms) = postSolution
		{9720DEBA-8EF3-81B1-58C1-FFDFEC59BC42}.Debug|Any CPU.ActiveCfg = Debug|Any CPU
		{9720DEBA-8EF3-81B1-58C1-FFDFEC59BC42}.Debug|Any CPU.Build.0 = Debug|Any CPU
		{9720DEBA-8EF3-81B1-58C1-FFDFEC59BC42}.Release|Any CPU.ActiveCfg = Release|Any CPU
		{9720DEBA-8EF3-81B1-58C1-FFDFEC59BC42}.Release|Any CPU.Build.0 = Release|Any CPU
		{FB9978DF-3FEE-D8C1-F524-FAE49DE6EFED}.Debug|Any CPU.ActiveCfg = Debug|Any CPU
		{FB9978DF-3FEE-D8C1-F524-FAE49DE6EFED}.Debug|Any CPU.Build.0 = Debug|Any CPU
		{FB9978DF-3FEE-D8C1-F524-FAE49DE6EFED}.Release|Any CPU.ActiveCfg = Release|Any CPU
		{FB9978DF-3FEE-D8C1-F524-FAE49DE6EFED}.Release|Any CPU.Build.0 = Release|Any CPU
	EndGlobalSection
	GlobalSection(SolutionProperties) = preSolution
		HideSolutionNode = FALSE
	EndGlobalSection
EndGlobal
